
Microsoft Visual Studio Solution File, Format Version 12.00
# Visual Studio Version 17
VisualStudioVersion = 17.14.36221.1
MinimumVisualStudioVersion = 10.0.40219.1
Project("{FAE04EC0-301F-11D3-BF4B-00C04F79EFBC}") = "AISDisciplineDesc", "AISDisciplineDesc.csproj", "{B74E9933-9D6C-4B1C-AE88-787CEA6DFFB1}"
EndProject
Project("{2150E333-8FDC-42A3-9474-1A3956D46DE8}") = "View", "View", "{36D591C7-65C7-A0D1-1CBC-10CDE441BDC8}"
EndProject
Project("{2150E333-8FDC-42A3-9474-1A3956D46DE8}") = "Model", "Model", "{66B9AC66-C4DE-46C4-812C-E51170C76D62}"
EndProject
Project("{2150E333-8FDC-42A3-9474-1A3956D46DE8}") = "ViewModel", "ViewModel", "{51C7811A-A5A6-445B-8D5D-E37DC57AEB10}"
	ProjectSection(SolutionItems) = preProject
		Auth.cs = Auth.cs
	EndProjectSection
EndProject
Global
	GlobalSection(SolutionConfigurationPlatforms) = preSolution
		Debug|Any CPU = Debug|Any CPU
		Release|Any CPU = Release|Any CPU
	EndGlobalSection
	GlobalSection(ProjectConfigurationPlatforms) = postSolution
		{B74E9933-9D6C-4B1C-AE88-787CEA6DFFB1}.Debug|Any CPU.ActiveCfg = Debug|Any CPU
		{B74E9933-9D6C-4B1C-AE88-787CEA6DFFB1}.Debug|Any CPU.Build.0 = Debug|Any CPU
		{B74E9933-9D6C-4B1C-AE88-787CEA6DFFB1}.Release|Any CPU.ActiveCfg = Release|Any CPU
		{B74E9933-9D6C-4B1C-AE88-787CEA6DFFB1}.Release|Any CPU.Build.0 = Release|Any CPU
	EndGlobalSection
	GlobalSection(SolutionProperties) = preSolution
		HideSolutionNode = FALSE
	EndGlobalSection
	GlobalSection(ExtensibilityGlobals) = postSolution
		SolutionGuid = {7693DEA9-5FAA-4643-8A5F-75BC96DA6110}
	EndGlobalSection
EndGlobal
