
Microsoft Visual Studio Solution File, Format Version 12.00
# Visual Studio Version 17
VisualStudioVersion = 17.14.36221.1
MinimumVisualStudioVersion = 10.0.40219.1
Project("{FAE04EC0-301F-11D3-BF4B-00C04F79EFBC}") = "AISDisciplineDesc", "AISDisciplineDesc.csproj", "{B74E9933-9D6C-4B1C-AE88-787CEA6DFFB1}"
EndProject
Project("{54435603-DBB4-11D2-8724-00A0C9A8B90C}") = "SetupAISdiscipline", "..\SetupAISdiscipline\SetupAISdiscipline.vdproj", "{C0725EBB-E521-0D45-DD92-B99A0FF12238}"
EndProject
Global
	GlobalSection(SolutionConfigurationPlatforms) = preSolution
		Debug|Any CPU = Debug|Any CPU
		Release|Any CPU = Release|Any CPU
	EndGlobalSection
	GlobalSection(ProjectConfigurationPlatforms) = postSolution
		{B74E9933-9D6C-4B1C-AE88-787CEA6DFFB1}.Debug|Any CPU.ActiveCfg = Debug|Any CPU
		{B74E9933-9D6C-4B1C-AE88-787CEA6DFFB1}.Debug|Any CPU.Build.0 = Debug|Any CPU
		{B74E9933-9D6C-4B1C-AE88-787CEA6DFFB1}.Release|Any CPU.ActiveCfg = Release|Any CPU
		{B74E9933-9D6C-4B1C-AE88-787CEA6DFFB1}.Release|Any CPU.Build.0 = Release|Any CPU
		{C0725EBB-E521-0D45-DD92-B99A0FF12238}.Debug|Any CPU.ActiveCfg = Debug
		{C0725EBB-E521-0D45-DD92-B99A0FF12238}.Release|Any CPU.ActiveCfg = Release
	EndGlobalSection
	GlobalSection(SolutionProperties) = preSolution
		HideSolutionNode = FALSE
	EndGlobalSection
	GlobalSection(ExtensibilityGlobals) = postSolution
		SolutionGuid = {7693DEA9-5FAA-4643-8A5F-75BC96DA6110}
	EndGlobalSection
EndGlobal
